
Microsoft Visual Studio Solution File, Format Version 12.00
# Visual Studio Version 17
VisualStudioVersion = 17.1.32228.430
MinimumVisualStudioVersion = 10.0.40219.1
Project("{9A19103F-16F7-4668-BE54-9A1E7A4F7556}") = "201934035_KHS_01", "201934035_KHS_01\201934035_KHS_01.csproj", "{BC0AD34D-0237-4E8D-A201-25309C3F2426}"
EndProject
Project("{9A19103F-16F7-4668-BE54-9A1E7A4F7556}") = "201934035_KHS_02", "201934035_KHS_02\201934035_KHS_02.csproj", "{BD4D3852-09AD-44B2-B4BF-F9F98C78BF41}"
EndProject
Project("{9A19103F-16F7-4668-BE54-9A1E7A4F7556}") = "201934035_KHS_03", "201934035_KHS_03\201934035_KHS_03.csproj", "{CCF185F0-E278-469A-B64B-D87AA026C4D0}"
EndProject
Project("{9A19103F-16F7-4668-BE54-9A1E7A4F7556}") = "201934035_KHS_04", "201934035_KHS_04\201934035_KHS_04.csproj", "{7A030F58-044F-4938-9BD1-2A2C247FDC41}"
EndProject
Project("{9A19103F-16F7-4668-BE54-9A1E7A4F7556}") = "201934035_KHS_05", "201934035_KHS_05\201934035_KHS_05.csproj", "{94E28FC6-631F-4D06-AA34-326BF9A38E20}"
EndProject
Project("{9A19103F-16F7-4668-BE54-9A1E7A4F7556}") = "201934035_KHS_06", "201934035_KHS_06\201934035_KHS_06.csproj", "{A1038732-8538-4421-A70D-CD66B041B583}"
EndProject
Project("{9A19103F-16F7-4668-BE54-9A1E7A4F7556}") = "201934035_KHS_07", "201934035_KHS_07\201934035_KHS_07.csproj", "{D6CCB5FB-17EC-4ABF-850D-AE3E04C7DC70}"
EndProject
Project("{9A19103F-16F7-4668-BE54-9A1E7A4F7556}") = "201934035_KHS_08", "201934035_KHS_08\201934035_KHS_08.csproj", "{BBD4265E-70E2-4168-9B40-1BD56B121F98}"
EndProject
Project("{9A19103F-16F7-4668-BE54-9A1E7A4F7556}") = "201934035_KHS_09", "201934035_KHS_09\201934035_KHS_09.csproj", "{353D2E06-9277-4387-BD48-A0136FB77768}"
EndProject
Project("{9A19103F-16F7-4668-BE54-9A1E7A4F7556}") = "201934035_KHS_10", "201934035_KHS_10\201934035_KHS_10.csproj", "{5FF41ECC-D31E-42CB-963E-2E177E3B8043}"
EndProject
Project("{9A19103F-16F7-4668-BE54-9A1E7A4F7556}") = "201934035_KHS_11", "201934035_KHS_11\201934035_KHS_11.csproj", "{9B193A8F-61C9-4040-BDE6-222936B5F95B}"
EndProject
Project("{9A19103F-16F7-4668-BE54-9A1E7A4F7556}") = "201934035_KHS_12", "201934035_KHS_12\201934035_KHS_12.csproj", "{2D6F2AE4-35DC-46BD-ADEE-57A98C7F6200}"
EndProject
Project("{9A19103F-16F7-4668-BE54-9A1E7A4F7556}") = "201934035_KHS_13", "201934035_KHS_13\201934035_KHS_13.csproj", "{67712D8B-CB4A-4048-A111-4D4B2B91605C}"
EndProject
Project("{FAE04EC0-301F-11D3-BF4B-00C04F79EFBC}") = "201934035_KHS_14", "201934035_KHS_14\201934035_KHS_14.csproj", "{728FD1CC-2F78-4312-95FB-88CA86DEF97F}"
EndProject
Project("{FAE04EC0-301F-11D3-BF4B-00C04F79EFBC}") = "201934035_KHS_15", "201934035_KHS_15\201934035_KHS_15.csproj", "{6D22084D-DA7C-46D6-A3BD-6952B0DF6E93}"
EndProject
Project("{FAE04EC0-301F-11D3-BF4B-00C04F79EFBC}") = "201934035_KHS_16", "201934035_KHS_16\201934035_KHS_16.csproj", "{99675909-8743-44FC-BF0D-4BA02ED0402A}"
EndProject
Project("{FAE04EC0-301F-11D3-BF4B-00C04F79EFBC}") = "201934035_KHS_17", "201934035_KHS_17\201934035_KHS_17.csproj", "{A4B5247D-1F4C-4806-8674-6F18420AB090}"
EndProject
Project("{FAE04EC0-301F-11D3-BF4B-00C04F79EFBC}") = "201934035_KHS_18", "201934035_KHS_18\201934035_KHS_18.csproj", "{DAFC4ADF-3109-4CC4-855B-4D65BF011CF4}"
EndProject
Project("{FAE04EC0-301F-11D3-BF4B-00C04F79EFBC}") = "201934035_KHS_19", "201934035_KHS_19\201934035_KHS_19.csproj", "{D62630E0-FFC6-43C8-876C-E7FB095E4CFB}"
EndProject
Project("{FAE04EC0-301F-11D3-BF4B-00C04F79EFBC}") = "201934035_KHS_20", "201934035_KHS_20\201934035_KHS_20.csproj", "{12650041-FC3F-4606-ABAD-FA85A60F55F5}"
EndProject
Global
	GlobalSection(SolutionConfigurationPlatforms) = preSolution
		Debug|Any CPU = Debug|Any CPU
		Release|Any CPU = Release|Any CPU
	EndGlobalSection
	GlobalSection(ProjectConfigurationPlatforms) = postSolution
		{BC0AD34D-0237-4E8D-A201-25309C3F2426}.Debug|Any CPU.ActiveCfg = Debug|Any CPU
		{BC0AD34D-0237-4E8D-A201-25309C3F2426}.Debug|Any CPU.Build.0 = Debug|Any CPU
		{BC0AD34D-0237-4E8D-A201-25309C3F2426}.Release|Any CPU.ActiveCfg = Release|Any CPU
		{BC0AD34D-0237-4E8D-A201-25309C3F2426}.Release|Any CPU.Build.0 = Release|Any CPU
		{BD4D3852-09AD-44B2-B4BF-F9F98C78BF41}.Debug|Any CPU.ActiveCfg = Debug|Any CPU
		{BD4D3852-09AD-44B2-B4BF-F9F98C78BF41}.Debug|Any CPU.Build.0 = Debug|Any CPU
		{BD4D3852-09AD-44B2-B4BF-F9F98C78BF41}.Release|Any CPU.ActiveCfg = Release|Any CPU
		{BD4D3852-09AD-44B2-B4BF-F9F98C78BF41}.Release|Any CPU.Build.0 = Release|Any CPU
		{CCF185F0-E278-469A-B64B-D87AA026C4D0}.Debug|Any CPU.ActiveCfg = Debug|Any CPU
		{CCF185F0-E278-469A-B64B-D87AA026C4D0}.Debug|Any CPU.Build.0 = Debug|Any CPU
		{CCF185F0-E278-469A-B64B-D87AA026C4D0}.Release|Any CPU.ActiveCfg = Release|Any CPU
		{CCF185F0-E278-469A-B64B-D87AA026C4D0}.Release|Any CPU.Build.0 = Release|Any CPU
		{7A030F58-044F-4938-9BD1-2A2C247FDC41}.Debug|Any CPU.ActiveCfg = Debug|Any CPU
		{7A030F58-044F-4938-9BD1-2A2C247FDC41}.Debug|Any CPU.Build.0 = Debug|Any CPU
		{7A030F58-044F-4938-9BD1-2A2C247FDC41}.Release|Any CPU.ActiveCfg = Release|Any CPU
		{7A030F58-044F-4938-9BD1-2A2C247FDC41}.Release|Any CPU.Build.0 = Release|Any CPU
		{94E28FC6-631F-4D06-AA34-326BF9A38E20}.Debug|Any CPU.ActiveCfg = Debug|Any CPU
		{94E28FC6-631F-4D06-AA34-326BF9A38E20}.Debug|Any CPU.Build.0 = Debug|Any CPU
		{94E28FC6-631F-4D06-AA34-326BF9A38E20}.Release|Any CPU.ActiveCfg = Release|Any CPU
		{94E28FC6-631F-4D06-AA34-326BF9A38E20}.Release|Any CPU.Build.0 = Release|Any CPU
		{A1038732-8538-4421-A70D-CD66B041B583}.Debug|Any CPU.ActiveCfg = Debug|Any CPU
		{A1038732-8538-4421-A70D-CD66B041B583}.Debug|Any CPU.Build.0 = Debug|Any CPU
		{A1038732-8538-4421-A70D-CD66B041B583}.Release|Any CPU.ActiveCfg = Release|Any CPU
		{A1038732-8538-4421-A70D-CD66B041B583}.Release|Any CPU.Build.0 = Release|Any CPU
		{D6CCB5FB-17EC-4ABF-850D-AE3E04C7DC70}.Debug|Any CPU.ActiveCfg = Debug|Any CPU
		{D6CCB5FB-17EC-4ABF-850D-AE3E04C7DC70}.Debug|Any CPU.Build.0 = Debug|Any CPU
		{D6CCB5FB-17EC-4ABF-850D-AE3E04C7DC70}.Release|Any CPU.ActiveCfg = Release|Any CPU
		{D6CCB5FB-17EC-4ABF-850D-AE3E04C7DC70}.Release|Any CPU.Build.0 = Release|Any CPU
		{BBD4265E-70E2-4168-9B40-1BD56B121F98}.Debug|Any CPU.ActiveCfg = Debug|Any CPU
		{BBD4265E-70E2-4168-9B40-1BD56B121F98}.Debug|Any CPU.Build.0 = Debug|Any CPU
		{BBD4265E-70E2-4168-9B40-1BD56B121F98}.Release|Any CPU.ActiveCfg = Release|Any CPU
		{BBD4265E-70E2-4168-9B40-1BD56B121F98}.Release|Any CPU.Build.0 = Release|Any CPU
		{353D2E06-9277-4387-BD48-A0136FB77768}.Debug|Any CPU.ActiveCfg = Debug|Any CPU
		{353D2E06-9277-4387-BD48-A0136FB77768}.Debug|Any CPU.Build.0 = Debug|Any CPU
		{353D2E06-9277-4387-BD48-A0136FB77768}.Release|Any CPU.ActiveCfg = Release|Any CPU
		{353D2E06-9277-4387-BD48-A0136FB77768}.Release|Any CPU.Build.0 = Release|Any CPU
		{5FF41ECC-D31E-42CB-963E-2E177E3B8043}.Debug|Any CPU.ActiveCfg = Debug|Any CPU
		{5FF41ECC-D31E-42CB-963E-2E177E3B8043}.Debug|Any CPU.Build.0 = Debug|Any CPU
		{5FF41ECC-D31E-42CB-963E-2E177E3B8043}.Release|Any CPU.ActiveCfg = Release|Any CPU
		{5FF41ECC-D31E-42CB-963E-2E177E3B8043}.Release|Any CPU.Build.0 = Release|Any CPU
		{9B193A8F-61C9-4040-BDE6-222936B5F95B}.Debug|Any CPU.ActiveCfg = Debug|Any CPU
		{9B193A8F-61C9-4040-BDE6-222936B5F95B}.Debug|Any CPU.Build.0 = Debug|Any CPU
		{9B193A8F-61C9-4040-BDE6-222936B5F95B}.Release|Any CPU.ActiveCfg = Release|Any CPU
		{9B193A8F-61C9-4040-BDE6-222936B5F95B}.Release|Any CPU.Build.0 = Release|Any CPU
		{2D6F2AE4-35DC-46BD-ADEE-57A98C7F6200}.Debug|Any CPU.ActiveCfg = Debug|Any CPU
		{2D6F2AE4-35DC-46BD-ADEE-57A98C7F6200}.Debug|Any CPU.Build.0 = Debug|Any CPU
		{2D6F2AE4-35DC-46BD-ADEE-57A98C7F6200}.Release|Any CPU.ActiveCfg = Release|Any CPU
		{2D6F2AE4-35DC-46BD-ADEE-57A98C7F6200}.Release|Any CPU.Build.0 = Release|Any CPU
		{67712D8B-CB4A-4048-A111-4D4B2B91605C}.Debug|Any CPU.ActiveCfg = Debug|Any CPU
		{67712D8B-CB4A-4048-A111-4D4B2B91605C}.Debug|Any CPU.Build.0 = Debug|Any CPU
		{67712D8B-CB4A-4048-A111-4D4B2B91605C}.Release|Any CPU.ActiveCfg = Release|Any CPU
		{67712D8B-CB4A-4048-A111-4D4B2B91605C}.Release|Any CPU.Build.0 = Release|Any CPU
		{728FD1CC-2F78-4312-95FB-88CA86DEF97F}.Debug|Any CPU.ActiveCfg = Debug|Any CPU
		{728FD1CC-2F78-4312-95FB-88CA86DEF97F}.Debug|Any CPU.Build.0 = Debug|Any CPU
		{728FD1CC-2F78-4312-95FB-88CA86DEF97F}.Release|Any CPU.ActiveCfg = Release|Any CPU
		{728FD1CC-2F78-4312-95FB-88CA86DEF97F}.Release|Any CPU.Build.0 = Release|Any CPU
		{6D22084D-DA7C-46D6-A3BD-6952B0DF6E93}.Debug|Any CPU.ActiveCfg = Debug|Any CPU
		{6D22084D-DA7C-46D6-A3BD-6952B0DF6E93}.Debug|Any CPU.Build.0 = Debug|Any CPU
		{6D22084D-DA7C-46D6-A3BD-6952B0DF6E93}.Release|Any CPU.ActiveCfg = Release|Any CPU
		{6D22084D-DA7C-46D6-A3BD-6952B0DF6E93}.Release|Any CPU.Build.0 = Release|Any CPU
		{99675909-8743-44FC-BF0D-4BA02ED0402A}.Debug|Any CPU.ActiveCfg = Debug|Any CPU
		{99675909-8743-44FC-BF0D-4BA02ED0402A}.Debug|Any CPU.Build.0 = Debug|Any CPU
		{99675909-8743-44FC-BF0D-4BA02ED0402A}.Release|Any CPU.ActiveCfg = Release|Any CPU
		{99675909-8743-44FC-BF0D-4BA02ED0402A}.Release|Any CPU.Build.0 = Release|Any CPU
		{A4B5247D-1F4C-4806-8674-6F18420AB090}.Debug|Any CPU.ActiveCfg = Debug|Any CPU
		{A4B5247D-1F4C-4806-8674-6F18420AB090}.Debug|Any CPU.Build.0 = Debug|Any CPU
		{A4B5247D-1F4C-4806-8674-6F18420AB090}.Release|Any CPU.ActiveCfg = Release|Any CPU
		{A4B5247D-1F4C-4806-8674-6F18420AB090}.Release|Any CPU.Build.0 = Release|Any CPU
		{DAFC4ADF-3109-4CC4-855B-4D65BF011CF4}.Debug|Any CPU.ActiveCfg = Debug|Any CPU
		{DAFC4ADF-3109-4CC4-855B-4D65BF011CF4}.Debug|Any CPU.Build.0 = Debug|Any CPU
		{DAFC4ADF-3109-4CC4-855B-4D65BF011CF4}.Release|Any CPU.ActiveCfg = Release|Any CPU
		{DAFC4ADF-3109-4CC4-855B-4D65BF011CF4}.Release|Any CPU.Build.0 = Release|Any CPU
		{D62630E0-FFC6-43C8-876C-E7FB095E4CFB}.Debug|Any CPU.ActiveCfg = Debug|Any CPU
		{D62630E0-FFC6-43C8-876C-E7FB095E4CFB}.Debug|Any CPU.Build.0 = Debug|Any CPU
		{D62630E0-FFC6-43C8-876C-E7FB095E4CFB}.Release|Any CPU.ActiveCfg = Release|Any CPU
		{D62630E0-FFC6-43C8-876C-E7FB095E4CFB}.Release|Any CPU.Build.0 = Release|Any CPU
		{12650041-FC3F-4606-ABAD-FA85A60F55F5}.Debug|Any CPU.ActiveCfg = Debug|Any CPU
		{12650041-FC3F-4606-ABAD-FA85A60F55F5}.Debug|Any CPU.Build.0 = Debug|Any CPU
		{12650041-FC3F-4606-ABAD-FA85A60F55F5}.Release|Any CPU.ActiveCfg = Release|Any CPU
		{12650041-FC3F-4606-ABAD-FA85A60F55F5}.Release|Any CPU.Build.0 = Release|Any CPU
	EndGlobalSection
	GlobalSection(SolutionProperties) = preSolution
		HideSolutionNode = FALSE
	EndGlobalSection
	GlobalSection(ExtensibilityGlobals) = postSolution
		SolutionGuid = {244844A8-0F66-4EDB-BD35-9836A0405836}
	EndGlobalSection
EndGlobal
